
Microsoft Visual Studio Solution File, Format Version 12.00
# Visual Studio Version 17
VisualStudioVersion = 17.11.35208.52
MinimumVisualStudioVersion = 10.0.40219.1
Project("{FAE04EC0-301F-11D3-BF4B-00C04F79EFBC}") = "FinalProject", "FinalProject\FinalProject.csproj", "{72A2BA19-F762-4278-9011-AC4F177BC56D}"
EndProject
Global
	GlobalSection(SolutionConfigurationPlatforms) = preSolution
		Debug|Any CPU = Debug|Any CPU
		Release|Any CPU = Release|Any CPU
	EndGlobalSection
	GlobalSection(ProjectConfigurationPlatforms) = postSolution
		{72A2BA19-F762-4278-9011-AC4F177BC56D}.Debug|Any CPU.ActiveCfg = Debug|Any CPU
		{72A2BA19-F762-4278-9011-AC4F177BC56D}.Debug|Any CPU.Build.0 = Debug|Any CPU
		{72A2BA19-F762-4278-9011-AC4F177BC56D}.Release|Any CPU.ActiveCfg = Release|Any CPU
		{72A2BA19-F762-4278-9011-AC4F177BC56D}.Release|Any CPU.Build.0 = Release|Any CPU
	EndGlobalSection
	GlobalSection(SolutionProperties) = preSolution
		HideSolutionNode = FALSE
	EndGlobalSection
	GlobalSection(ExtensibilityGlobals) = postSolution
		SolutionGuid = {8842E106-6F91-479E-A02E-5A4CD3571804}
	EndGlobalSection
EndGlobal
